
Microsoft Visual Studio Solution File, Format Version 12.00
# Visual Studio 15
VisualStudioVersion = 15.0.27703.2035
MinimumVisualStudioVersion = 10.0.40219.1
Project("{8BC9CEB8-8B4A-11D0-8D11-00A0C91BC942}") = "CSP20131202", "CSP20131202\CSP20131202.vcxproj", "{2B31098D-18D8-48FE-A42B-D9C1DE26A130}"
EndProject
Global
	GlobalSection(SolutionConfigurationPlatforms) = preSolution
		Debug|x64 = Debug|x64
		Debug|x86 = Debug|x86
		Release|x64 = Release|x64
		Release|x86 = Release|x86
	EndGlobalSection
	GlobalSection(ProjectConfigurationPlatforms) = postSolution
		{2B31098D-18D8-48FE-A42B-D9C1DE26A130}.Debug|x64.ActiveCfg = Debug|x64
		{2B31098D-18D8-48FE-A42B-D9C1DE26A130}.Debug|x64.Build.0 = Debug|x64
		{2B31098D-18D8-48FE-A42B-D9C1DE26A130}.Debug|x86.ActiveCfg = Debug|Win32
		{2B31098D-18D8-48FE-A42B-D9C1DE26A130}.Debug|x86.Build.0 = Debug|Win32
		{2B31098D-18D8-48FE-A42B-D9C1DE26A130}.Release|x64.ActiveCfg = Release|x64
		{2B31098D-18D8-48FE-A42B-D9C1DE26A130}.Release|x64.Build.0 = Release|x64
		{2B31098D-18D8-48FE-A42B-D9C1DE26A130}.Release|x86.ActiveCfg = Release|Win32
		{2B31098D-18D8-48FE-A42B-D9C1DE26A130}.Release|x86.Build.0 = Release|Win32
	EndGlobalSection
	GlobalSection(SolutionProperties) = preSolution
		HideSolutionNode = FALSE
	EndGlobalSection
	GlobalSection(ExtensibilityGlobals) = postSolution
		SolutionGuid = {EAE5D5B5-0FB2-4CED-ADCB-01C5654C1C4C}
	EndGlobalSection
EndGlobal
